github.com/go-audio/aiff v0.0.0-20180403003018-6c3a8a6aff12/go.mod h1:AMSAp6W1zd0koOdX6QDgGIuBDTUvLa2SLQtm7d9eM3c=
github.com/go-audio/aiff v1.0.0 h1:Mn4zZvfGjTUc9VWXiTlj6BYUADTsmh3qZtpCyHFRMiE=
github.com/go-audio/aiff v1.0.0/go.mod h1:Kazp+9JR/Y1ITCXaDlO6OIIOrz6eGGAn+dGT04V4HPM=
github.com/go-audio/audio v0.0.0-20180206231410-b697a35b5608/go.mod h1:6uAu0+H2lHkwdGsAY+j2wHPNPpPoeg5AaEFh9FlA+Zs=
github.com/go-audio/audio v1.0.0 h1:zS9vebldgbQqktK4H0lUqWrG8P0NxCJVqcj7ZpNnwd4=
github.com/go-audio/audio v1.0.0/go.mod h1:6uAu0+H2lHkwdGsAY+j2wHPNPpPoeg5AaEFh9FlA+Zs=
github.com/go-audio/midi v1.0.0 h1:xeDg6E0ygfpsTPRTi1GdrGcDvJ8zt9pemqOJ5cHoLZ8=
github.com/go-audio/midi v1.0.0/go.mod h1:PoFcd6KPFUn++NHd1libpb/WifNIb/qKVvZ71McMVmo=
github.com/go-audio/music v0.0.0-20190404192933-efa583cde964 h1:J2ZIL+zcPu44sGZWm13Gmlik4ztbkqAoaj579+uBFe0=
github.com/go-audio/music v0.0.0-20190404192933-efa583cde964/go.mod h1:YB8q3qa/GIHSguIMcxbGSIYhkjo6S2zh8pRpEkWH3JI=
github.com/go-audio/riff v1.0.0 h1:d8iCGbDvox9BfLagY94fBynxSPHO80LmZCaOsmKxokA=
github.com/go-audio/riff v1.0.0/go.mod h1:l3cQwc85y79NQFCRB7TiPoNiaijp6q8Z0Uv38rVG498=
github.com/go-audio/wav v0.0.0-20181013172942-de841e69b884/go.mod h1:UiqzUyfX0zs3pJ/DPyvS5v8sN6s5bXPUDDIVA5v8dks=
github.com/go-audio/wav v1.0.0 h1:WdSGLhtyud6bof6XHL28xKeCQRzCV06pOFo3LZsFdyE=
github.com/go-audio/wav v1.0.0/go.mod h1:3yoReyQOsiARkvPl3ERCi8JFjihzG6WhjYpZCf5zAWE=
github.com/mattetti/audio v0.0.0-20180912171649-01576cde1f21/go.mod h1:LlQmBGkOuV/SKzEDXBPKauvN2UqCgzXO2XjecTGj40s=
github.com/mattetti/filebuffer v1.0.0/go.mod h1:X6nyAIge2JGVmuJt2MFCqmHrb/5IHiphfHtot0s5cnI=
